
Microsoft Visual Studio Solution File, Format Version 12.00
# Visual Studio Version 17
VisualStudioVersion = 17.5.33516.290
MinimumVisualStudioVersion = 10.0.40219.1
Project("{9A19103F-16F7-4668-BE54-9A1E7A4F7556}") = "MoqExtensionMethod.ConsoleApp", "MoqExtensionMethod.ConsoleApp\MoqExtensionMethod.ConsoleApp.csproj", "{A2235B1C-09AC-43B6-9A99-9040684C41BC}"
EndProject
Project("{FAE04EC0-301F-11D3-BF4B-00C04F79EFBC}") = "MoqExtensionMethod.Tests", "MoqExtensionMethod.Tests\MoqExtensionMethod.Tests.csproj", "{87607D3A-FB8B-425E-AD3B-C7E79DEE0FEF}"
EndProject
Global
	GlobalSection(SolutionConfigurationPlatforms) = preSolution
		Debug|Any CPU = Debug|Any CPU
		Release|Any CPU = Release|Any CPU
	EndGlobalSection
	GlobalSection(ProjectConfigurationPlatforms) = postSolution
		{A2235B1C-09AC-43B6-9A99-9040684C41BC}.Debug|Any CPU.ActiveCfg = Debug|Any CPU
		{A2235B1C-09AC-43B6-9A99-9040684C41BC}.Debug|Any CPU.Build.0 = Debug|Any CPU
		{A2235B1C-09AC-43B6-9A99-9040684C41BC}.Release|Any CPU.ActiveCfg = Release|Any CPU
		{A2235B1C-09AC-43B6-9A99-9040684C41BC}.Release|Any CPU.Build.0 = Release|Any CPU
		{87607D3A-FB8B-425E-AD3B-C7E79DEE0FEF}.Debug|Any CPU.ActiveCfg = Debug|Any CPU
		{87607D3A-FB8B-425E-AD3B-C7E79DEE0FEF}.Debug|Any CPU.Build.0 = Debug|Any CPU
		{87607D3A-FB8B-425E-AD3B-C7E79DEE0FEF}.Release|Any CPU.ActiveCfg = Release|Any CPU
		{87607D3A-FB8B-425E-AD3B-C7E79DEE0FEF}.Release|Any CPU.Build.0 = Release|Any CPU
	EndGlobalSection
	GlobalSection(SolutionProperties) = preSolution
		HideSolutionNode = FALSE
	EndGlobalSection
	GlobalSection(ExtensibilityGlobals) = postSolution
		SolutionGuid = {6E3448F8-7624-421B-9B68-1B9C73DB9F82}
	EndGlobalSection
EndGlobal
